
Microsoft Visual Studio Solution File, Format Version 12.00
# Visual Studio Version 16
VisualStudioVersion = 16.0.32228.343
MinimumVisualStudioVersion = 10.0.40219.1
Project("{FAE04EC0-301F-11D3-BF4B-00C04F79EFBC}") = "Snake Project", "Snake Project\Snake Project.csproj", "{FC17564B-CB4E-4535-890A-E70C3A281AC0}"
EndProject
Global
	GlobalSection(SolutionConfigurationPlatforms) = preSolution
		Debug|Any CPU = Debug|Any CPU
		Release|Any CPU = Release|Any CPU
	EndGlobalSection
	GlobalSection(ProjectConfigurationPlatforms) = postSolution
		{FC17564B-CB4E-4535-890A-E70C3A281AC0}.Debug|Any CPU.ActiveCfg = Debug|Any CPU
		{FC17564B-CB4E-4535-890A-E70C3A281AC0}.Debug|Any CPU.Build.0 = Debug|Any CPU
		{FC17564B-CB4E-4535-890A-E70C3A281AC0}.Release|Any CPU.ActiveCfg = Release|Any CPU
		{FC17564B-CB4E-4535-890A-E70C3A281AC0}.Release|Any CPU.Build.0 = Release|Any CPU
	EndGlobalSection
	GlobalSection(SolutionProperties) = preSolution
		HideSolutionNode = FALSE
	EndGlobalSection
	GlobalSection(ExtensibilityGlobals) = postSolution
		SolutionGuid = {76C92B5B-7DC5-4BCF-A78D-94D4DB3ED52E}
	EndGlobalSection
EndGlobal
